
Microsoft Visual Studio Solution File, Format Version 12.00
# Visual Studio 2013
VisualStudioVersion = 12.0.30723.0
MinimumVisualStudioVersion = 10.0.40219.1
Project("{FAE04EC0-301F-11D3-BF4B-00C04F79EFBC}") = "AssertStreamliner", "AssertStreamliner\AssertStreamliner.csproj", "{3B1D8016-7778-4305-A2D1-2DB6E3EE4E40}"
EndProject
Project("{FAE04EC0-301F-11D3-BF4B-00C04F79EFBC}") = "AssertStreamliner.UnitTests", "AssertStreamliner.UnitTests\AssertStreamliner.UnitTests.csproj", "{1A79E8D8-CF5C-413A-B863-3FE3E97FF8FD}"
EndProject
Project("{2150E333-8FDC-42A3-9474-1A3956D46DE8}") = ".nuget", ".nuget", "{A52910B7-216C-4733-81DA-4842CD212ACA}"
	ProjectSection(SolutionItems) = preProject
		.nuget\NuGet.Config = .nuget\NuGet.Config
		.nuget\NuGet.exe = .nuget\NuGet.exe
		.nuget\NuGet.targets = .nuget\NuGet.targets
	EndProjectSection
EndProject
Global
	GlobalSection(SolutionConfigurationPlatforms) = preSolution
		Debug|Any CPU = Debug|Any CPU
		Release|Any CPU = Release|Any CPU
	EndGlobalSection
	GlobalSection(ProjectConfigurationPlatforms) = postSolution
		{3B1D8016-7778-4305-A2D1-2DB6E3EE4E40}.Debug|Any CPU.ActiveCfg = Debug|Any CPU
		{3B1D8016-7778-4305-A2D1-2DB6E3EE4E40}.Debug|Any CPU.Build.0 = Debug|Any CPU
		{3B1D8016-7778-4305-A2D1-2DB6E3EE4E40}.Release|Any CPU.ActiveCfg = Release|Any CPU
		{3B1D8016-7778-4305-A2D1-2DB6E3EE4E40}.Release|Any CPU.Build.0 = Release|Any CPU
		{1A79E8D8-CF5C-413A-B863-3FE3E97FF8FD}.Debug|Any CPU.ActiveCfg = Debug|Any CPU
		{1A79E8D8-CF5C-413A-B863-3FE3E97FF8FD}.Debug|Any CPU.Build.0 = Debug|Any CPU
		{1A79E8D8-CF5C-413A-B863-3FE3E97FF8FD}.Release|Any CPU.ActiveCfg = Release|Any CPU
		{1A79E8D8-CF5C-413A-B863-3FE3E97FF8FD}.Release|Any CPU.Build.0 = Release|Any CPU
	EndGlobalSection
	GlobalSection(SolutionProperties) = preSolution
		HideSolutionNode = FALSE
	EndGlobalSection
EndGlobal
